
Microsoft Visual Studio Solution File, Format Version 12.00
# Visual Studio 14
VisualStudioVersion = 14.0.25420.1
MinimumVisualStudioVersion = 10.0.40219.1
Project("{FAE04EC0-301F-11D3-BF4B-00C04F79EFBC}") = "WomenMarket.App", "WomenMarket.App\WomenMarket.App.csproj", "{138D63FF-75B9-483F-BC35-6E819BE63647}"
EndProject
Project("{FAE04EC0-301F-11D3-BF4B-00C04F79EFBC}") = "WomenMarket.Data", "WomenMarket.Data\WomenMarket.Data.csproj", "{321444D9-5ED8-42A0-825B-F7053787DEFC}"
EndProject
Project("{FAE04EC0-301F-11D3-BF4B-00C04F79EFBC}") = "WomenMarket.Models", "WomenMarket.Models\WomenMarket.Models.csproj", "{953FE36B-CF99-4806-AC16-867A7C820042}"
EndProject
Project("{FAE04EC0-301F-11D3-BF4B-00C04F79EFBC}") = "WomenMarket.Services", "WomenMarket.Services\WomenMarket.Services.csproj", "{B8250948-F116-4CE1-AB53-304819F3AD5A}"
EndProject
Project("{FAE04EC0-301F-11D3-BF4B-00C04F79EFBC}") = "WomenMarket.Test", "WomenMarket.Test\WomenMarket.Test.csproj", "{4D72B2DE-2180-41F6-BE1F-9AB1A1E6319F}"
EndProject
Global
	GlobalSection(SolutionConfigurationPlatforms) = preSolution
		Debug|Any CPU = Debug|Any CPU
		Release|Any CPU = Release|Any CPU
	EndGlobalSection
	GlobalSection(ProjectConfigurationPlatforms) = postSolution
		{138D63FF-75B9-483F-BC35-6E819BE63647}.Debug|Any CPU.ActiveCfg = Debug|Any CPU
		{138D63FF-75B9-483F-BC35-6E819BE63647}.Debug|Any CPU.Build.0 = Debug|Any CPU
		{138D63FF-75B9-483F-BC35-6E819BE63647}.Release|Any CPU.ActiveCfg = Release|Any CPU
		{138D63FF-75B9-483F-BC35-6E819BE63647}.Release|Any CPU.Build.0 = Release|Any CPU
		{321444D9-5ED8-42A0-825B-F7053787DEFC}.Debug|Any CPU.ActiveCfg = Debug|Any CPU
		{321444D9-5ED8-42A0-825B-F7053787DEFC}.Debug|Any CPU.Build.0 = Debug|Any CPU
		{321444D9-5ED8-42A0-825B-F7053787DEFC}.Release|Any CPU.ActiveCfg = Release|Any CPU
		{321444D9-5ED8-42A0-825B-F7053787DEFC}.Release|Any CPU.Build.0 = Release|Any CPU
		{953FE36B-CF99-4806-AC16-867A7C820042}.Debug|Any CPU.ActiveCfg = Debug|Any CPU
		{953FE36B-CF99-4806-AC16-867A7C820042}.Debug|Any CPU.Build.0 = Debug|Any CPU
		{953FE36B-CF99-4806-AC16-867A7C820042}.Release|Any CPU.ActiveCfg = Release|Any CPU
		{953FE36B-CF99-4806-AC16-867A7C820042}.Release|Any CPU.Build.0 = Release|Any CPU
		{B8250948-F116-4CE1-AB53-304819F3AD5A}.Debug|Any CPU.ActiveCfg = Debug|Any CPU
		{B8250948-F116-4CE1-AB53-304819F3AD5A}.Debug|Any CPU.Build.0 = Debug|Any CPU
		{B8250948-F116-4CE1-AB53-304819F3AD5A}.Release|Any CPU.ActiveCfg = Release|Any CPU
		{B8250948-F116-4CE1-AB53-304819F3AD5A}.Release|Any CPU.Build.0 = Release|Any CPU
		{4D72B2DE-2180-41F6-BE1F-9AB1A1E6319F}.Debug|Any CPU.ActiveCfg = Debug|Any CPU
		{4D72B2DE-2180-41F6-BE1F-9AB1A1E6319F}.Debug|Any CPU.Build.0 = Debug|Any CPU
		{4D72B2DE-2180-41F6-BE1F-9AB1A1E6319F}.Release|Any CPU.ActiveCfg = Release|Any CPU
		{4D72B2DE-2180-41F6-BE1F-9AB1A1E6319F}.Release|Any CPU.Build.0 = Release|Any CPU
	EndGlobalSection
	GlobalSection(SolutionProperties) = preSolution
		HideSolutionNode = FALSE
	EndGlobalSection
EndGlobal
